
Microsoft Visual Studio Solution File, Format Version 12.00
# Visual Studio Version 16
VisualStudioVersion = 16.0.29519.161
MinimumVisualStudioVersion = 10.0.40219.1
Project("{9A19103F-16F7-4668-BE54-9A1E7A4F7556}") = "Arknights Automation Library", "Arknights Automation Library\Arknights Automation Library.csproj", "{AF3D1DDF-8CC0-4A1C-A3D2-DB3875B8C3ED}"
EndProject
Project("{2150E333-8FDC-42A3-9474-1A3956D46DE8}") = "Solution Items", "Solution Items", "{6968A583-55D4-446F-9F73-EB91ACE1FB74}"
	ProjectSection(SolutionItems) = preProject
		.editorconfig = .editorconfig
	EndProjectSection
EndProject
Project("{9A19103F-16F7-4668-BE54-9A1E7A4F7556}") = "Auto Arknights CLI", "Auto Arknights CLI\Auto Arknights CLI.csproj", "{0C76DBB2-8CCF-4860-8C28-C542E74666BE}"
EndProject
Project("{9A19103F-16F7-4668-BE54-9A1E7A4F7556}") = "ImageLocator", "ImageLocator\ImageLocator\ImageLocator.csproj", "{20BF00F4-DDBE-4592-A6C0-EEAF080326FC}"
EndProject
Project("{9A19103F-16F7-4668-BE54-9A1E7A4F7556}") = "Crlib", "Crlib\Crlib\Crlib.csproj", "{D0C9D2B9-210A-4E2B-9F5A-148C234FE0BB}"
EndProject
Project("{9A19103F-16F7-4668-BE54-9A1E7A4F7556}") = "QuickTest", "QuickTest\QuickTest.csproj", "{F7707506-2D86-44D9-B3D1-20F757F8755B}"
EndProject
Project("{FAE04EC0-301F-11D3-BF4B-00C04F79EFBC}") = "Auto Arknights", "Auto Arknights\Auto Arknights.csproj", "{594658B6-809D-4083-A334-ECC54BB211F9}"
EndProject
Global
	GlobalSection(SolutionConfigurationPlatforms) = preSolution
		Debug|ARM = Debug|ARM
		Debug|ARM64 = Debug|ARM64
		Debug|x64 = Debug|x64
		Debug|x86 = Debug|x86
		Release|ARM = Release|ARM
		Release|ARM64 = Release|ARM64
		Release|x64 = Release|x64
		Release|x86 = Release|x86
	EndGlobalSection
	GlobalSection(ProjectConfigurationPlatforms) = postSolution
		{AF3D1DDF-8CC0-4A1C-A3D2-DB3875B8C3ED}.Debug|ARM.ActiveCfg = Debug|x64
		{AF3D1DDF-8CC0-4A1C-A3D2-DB3875B8C3ED}.Debug|ARM64.ActiveCfg = Debug|x64
		{AF3D1DDF-8CC0-4A1C-A3D2-DB3875B8C3ED}.Debug|x64.ActiveCfg = Debug|x64
		{AF3D1DDF-8CC0-4A1C-A3D2-DB3875B8C3ED}.Debug|x64.Build.0 = Debug|x64
		{AF3D1DDF-8CC0-4A1C-A3D2-DB3875B8C3ED}.Debug|x86.ActiveCfg = Debug|x64
		{AF3D1DDF-8CC0-4A1C-A3D2-DB3875B8C3ED}.Release|ARM.ActiveCfg = Release|x64
		{AF3D1DDF-8CC0-4A1C-A3D2-DB3875B8C3ED}.Release|ARM64.ActiveCfg = Release|x64
		{AF3D1DDF-8CC0-4A1C-A3D2-DB3875B8C3ED}.Release|x64.ActiveCfg = Release|x64
		{AF3D1DDF-8CC0-4A1C-A3D2-DB3875B8C3ED}.Release|x86.ActiveCfg = Release|x64
		{0C76DBB2-8CCF-4860-8C28-C542E74666BE}.Debug|ARM.ActiveCfg = Debug|x64
		{0C76DBB2-8CCF-4860-8C28-C542E74666BE}.Debug|ARM64.ActiveCfg = Debug|x64
		{0C76DBB2-8CCF-4860-8C28-C542E74666BE}.Debug|x64.ActiveCfg = Debug|x64
		{0C76DBB2-8CCF-4860-8C28-C542E74666BE}.Debug|x64.Build.0 = Debug|x64
		{0C76DBB2-8CCF-4860-8C28-C542E74666BE}.Debug|x86.ActiveCfg = Debug|x64
		{0C76DBB2-8CCF-4860-8C28-C542E74666BE}.Release|ARM.ActiveCfg = Release|x64
		{0C76DBB2-8CCF-4860-8C28-C542E74666BE}.Release|ARM64.ActiveCfg = Release|x64
		{0C76DBB2-8CCF-4860-8C28-C542E74666BE}.Release|x64.ActiveCfg = Release|x64
		{0C76DBB2-8CCF-4860-8C28-C542E74666BE}.Release|x86.ActiveCfg = Release|x64
		{20BF00F4-DDBE-4592-A6C0-EEAF080326FC}.Debug|ARM.ActiveCfg = Debug|Any CPU
		{20BF00F4-DDBE-4592-A6C0-EEAF080326FC}.Debug|ARM.Build.0 = Debug|Any CPU
		{20BF00F4-DDBE-4592-A6C0-EEAF080326FC}.Debug|ARM64.ActiveCfg = Debug|Any CPU
		{20BF00F4-DDBE-4592-A6C0-EEAF080326FC}.Debug|ARM64.Build.0 = Debug|Any CPU
		{20BF00F4-DDBE-4592-A6C0-EEAF080326FC}.Debug|x64.ActiveCfg = Debug|Any CPU
		{20BF00F4-DDBE-4592-A6C0-EEAF080326FC}.Debug|x64.Build.0 = Debug|Any CPU
		{20BF00F4-DDBE-4592-A6C0-EEAF080326FC}.Debug|x86.ActiveCfg = Debug|Any CPU
		{20BF00F4-DDBE-4592-A6C0-EEAF080326FC}.Debug|x86.Build.0 = Debug|Any CPU
		{20BF00F4-DDBE-4592-A6C0-EEAF080326FC}.Release|ARM.ActiveCfg = Release|Any CPU
		{20BF00F4-DDBE-4592-A6C0-EEAF080326FC}.Release|ARM.Build.0 = Release|Any CPU
		{20BF00F4-DDBE-4592-A6C0-EEAF080326FC}.Release|ARM64.ActiveCfg = Release|Any CPU
		{20BF00F4-DDBE-4592-A6C0-EEAF080326FC}.Release|ARM64.Build.0 = Release|Any CPU
		{20BF00F4-DDBE-4592-A6C0-EEAF080326FC}.Release|x64.ActiveCfg = Release|Any CPU
		{20BF00F4-DDBE-4592-A6C0-EEAF080326FC}.Release|x86.ActiveCfg = Release|Any CPU
		{20BF00F4-DDBE-4592-A6C0-EEAF080326FC}.Release|x86.Build.0 = Release|Any CPU
		{D0C9D2B9-210A-4E2B-9F5A-148C234FE0BB}.Debug|ARM.ActiveCfg = Debug|Any CPU
		{D0C9D2B9-210A-4E2B-9F5A-148C234FE0BB}.Debug|ARM.Build.0 = Debug|Any CPU
		{D0C9D2B9-210A-4E2B-9F5A-148C234FE0BB}.Debug|ARM64.ActiveCfg = Debug|Any CPU
		{D0C9D2B9-210A-4E2B-9F5A-148C234FE0BB}.Debug|ARM64.Build.0 = Debug|Any CPU
		{D0C9D2B9-210A-4E2B-9F5A-148C234FE0BB}.Debug|x64.ActiveCfg = Debug|Any CPU
		{D0C9D2B9-210A-4E2B-9F5A-148C234FE0BB}.Debug|x64.Build.0 = Debug|Any CPU
		{D0C9D2B9-210A-4E2B-9F5A-148C234FE0BB}.Debug|x86.ActiveCfg = Debug|Any CPU
		{D0C9D2B9-210A-4E2B-9F5A-148C234FE0BB}.Debug|x86.Build.0 = Debug|Any CPU
		{D0C9D2B9-210A-4E2B-9F5A-148C234FE0BB}.Release|ARM.ActiveCfg = Release|Any CPU
		{D0C9D2B9-210A-4E2B-9F5A-148C234FE0BB}.Release|ARM.Build.0 = Release|Any CPU
		{D0C9D2B9-210A-4E2B-9F5A-148C234FE0BB}.Release|ARM64.ActiveCfg = Release|Any CPU
		{D0C9D2B9-210A-4E2B-9F5A-148C234FE0BB}.Release|ARM64.Build.0 = Release|Any CPU
		{D0C9D2B9-210A-4E2B-9F5A-148C234FE0BB}.Release|x64.ActiveCfg = Release|Any CPU
		{D0C9D2B9-210A-4E2B-9F5A-148C234FE0BB}.Release|x86.ActiveCfg = Release|Any CPU
		{D0C9D2B9-210A-4E2B-9F5A-148C234FE0BB}.Release|x86.Build.0 = Release|Any CPU
		{F7707506-2D86-44D9-B3D1-20F757F8755B}.Debug|ARM.ActiveCfg = Debug|x64
		{F7707506-2D86-44D9-B3D1-20F757F8755B}.Debug|ARM64.ActiveCfg = Debug|x64
		{F7707506-2D86-44D9-B3D1-20F757F8755B}.Debug|x64.ActiveCfg = Debug|x64
		{F7707506-2D86-44D9-B3D1-20F757F8755B}.Debug|x64.Build.0 = Debug|x64
		{F7707506-2D86-44D9-B3D1-20F757F8755B}.Debug|x86.ActiveCfg = Debug|x64
		{F7707506-2D86-44D9-B3D1-20F757F8755B}.Release|ARM.ActiveCfg = Release|x64
		{F7707506-2D86-44D9-B3D1-20F757F8755B}.Release|ARM64.ActiveCfg = Release|x64
		{F7707506-2D86-44D9-B3D1-20F757F8755B}.Release|x64.ActiveCfg = Release|x64
		{F7707506-2D86-44D9-B3D1-20F757F8755B}.Release|x86.ActiveCfg = Release|x64
		{594658B6-809D-4083-A334-ECC54BB211F9}.Debug|ARM.ActiveCfg = Debug|ARM
		{594658B6-809D-4083-A334-ECC54BB211F9}.Debug|ARM.Build.0 = Debug|ARM
		{594658B6-809D-4083-A334-ECC54BB211F9}.Debug|ARM.Deploy.0 = Debug|ARM
		{594658B6-809D-4083-A334-ECC54BB211F9}.Debug|ARM64.ActiveCfg = Debug|ARM64
		{594658B6-809D-4083-A334-ECC54BB211F9}.Debug|ARM64.Build.0 = Debug|ARM64
		{594658B6-809D-4083-A334-ECC54BB211F9}.Debug|ARM64.Deploy.0 = Debug|ARM64
		{594658B6-809D-4083-A334-ECC54BB211F9}.Debug|x64.ActiveCfg = Debug|x64
		{594658B6-809D-4083-A334-ECC54BB211F9}.Debug|x64.Build.0 = Debug|x64
		{594658B6-809D-4083-A334-ECC54BB211F9}.Debug|x64.Deploy.0 = Debug|x64
		{594658B6-809D-4083-A334-ECC54BB211F9}.Debug|x86.ActiveCfg = Debug|x86
		{594658B6-809D-4083-A334-ECC54BB211F9}.Debug|x86.Build.0 = Debug|x86
		{594658B6-809D-4083-A334-ECC54BB211F9}.Debug|x86.Deploy.0 = Debug|x86
		{594658B6-809D-4083-A334-ECC54BB211F9}.Release|ARM.ActiveCfg = Release|ARM
		{594658B6-809D-4083-A334-ECC54BB211F9}.Release|ARM.Build.0 = Release|ARM
		{594658B6-809D-4083-A334-ECC54BB211F9}.Release|ARM.Deploy.0 = Release|ARM
		{594658B6-809D-4083-A334-ECC54BB211F9}.Release|ARM64.ActiveCfg = Release|ARM64
		{594658B6-809D-4083-A334-ECC54BB211F9}.Release|ARM64.Build.0 = Release|ARM64
		{594658B6-809D-4083-A334-ECC54BB211F9}.Release|ARM64.Deploy.0 = Release|ARM64
		{594658B6-809D-4083-A334-ECC54BB211F9}.Release|x64.ActiveCfg = Release|x64
		{594658B6-809D-4083-A334-ECC54BB211F9}.Release|x64.Build.0 = Release|x64
		{594658B6-809D-4083-A334-ECC54BB211F9}.Release|x64.Deploy.0 = Release|x64
		{594658B6-809D-4083-A334-ECC54BB211F9}.Release|x86.ActiveCfg = Release|x86
		{594658B6-809D-4083-A334-ECC54BB211F9}.Release|x86.Build.0 = Release|x86
		{594658B6-809D-4083-A334-ECC54BB211F9}.Release|x86.Deploy.0 = Release|x86
	EndGlobalSection
	GlobalSection(SolutionProperties) = preSolution
		HideSolutionNode = FALSE
	EndGlobalSection
	GlobalSection(ExtensibilityGlobals) = postSolution
		SolutionGuid = {58448B8B-EA41-496B-B26E-AD09835AD4DD}
	EndGlobalSection
EndGlobal
